// !$*UTF8*$!
{
	archiveVersion = 1;
	classes = {
	};
	objectVersion = 46;
	objects = {

/* Begin PBXBuildFile section */
		3B0B639F1E1F7042003D63B2 /* AppDelegate.swift in Sources */ = {isa = PBXBuildFile; fileRef = 3B0B639E1E1F7042003D63B2 /* AppDelegate.swift */; };
		3B0B63A61E1F7042003D63B2 /* Assets.xcassets in Resources */ = {isa = PBXBuildFile; fileRef = 3B0B63A51E1F7042003D63B2 /* Assets.xcassets */; };
		3B0B63B41E1F7043003D63B2 /* GPAdviewDemoTests.swift in Sources */ = {isa = PBXBuildFile; fileRef = 3B0B63B31E1F7043003D63B2 /* GPAdviewDemoTests.swift */; };
		3B0B63C01E1F70B6003D63B2 /* GPAdview.swift in Sources */ = {isa = PBXBuildFile; fileRef = 3B0B63BF1E1F70B6003D63B2 /* GPAdview.swift */; };
		3B0B63C31E1F774B003D63B2 /* ViewController.swift in Sources */ = {isa = PBXBuildFile; fileRef = 3B0B63C11E1F774B003D63B2 /* ViewController.swift */; };
		3B0B63C41E1F774B003D63B2 /* ViewController.xib in Resources */ = {isa = PBXBuildFile; fileRef = 3B0B63C21E1F774B003D63B2 /* ViewController.xib */; };
/* End PBXBuildFile section */

/* Begin PBXContainerItemProxy section */
		3B0B63B01E1F7043003D63B2 /* PBXContainerItemProxy */ = {
			isa = PBXContainerItemProxy;
			containerPortal = 3B0B63931E1F7042003D63B2 /* Project object */;
			proxyType = 1;
			remoteGlobalIDString = 3B0B639A1E1F7042003D63B2;
			remoteInfo = GPAdviewDemo;
		};
/* End PBXContainerItemProxy section */

/* Begin PBXFileReference section */
		3B0B639B1E1F7042003D63B2 /* GPAdviewDemo.app */ = {isa = PBXFileReference; explicitFileType = wrapper.application; includeInIndex = 0; path = GPAdviewDemo.app; sourceTree = BUILT_PRODUCTS_DIR; };
		3B0B639E1E1F7042003D63B2 /* AppDelegate.swift */ = {isa = PBXFileReference; lastKnownFileType = sourcecode.swift; path = AppDelegate.swift; sourceTree = "<group>"; };
		3B0B63A51E1F7042003D63B2 /* Assets.xcassets */ = {isa = PBXFileReference; lastKnownFileType = folder.assetcatalog; path = Assets.xcassets; sourceTree = "<group>"; };
		3B0B63AA1E1F7042003D63B2 /* Info.plist */ = {isa = PBXFileReference; lastKnownFileType = text.plist.xml; path = Info.plist; sourceTree = "<group>"; };
		3B0B63AF1E1F7042003D63B2 /* GPAdviewDemoTests.xctest */ = {isa = PBXFileReference; explicitFileType = wrapper.cfbundle; includeInIndex = 0; path = GPAdviewDemoTests.xctest; sourceTree = BUILT_PRODUCTS_DIR; };
		3B0B63B31E1F7043003D63B2 /* GPAdviewDemoTests.swift */ = {isa = PBXFileReference; lastKnownFileType = sourcecode.swift; path = GPAdviewDemoTests.swift; sourceTree = "<group>"; };
		3B0B63B51E1F7043003D63B2 /* Info.plist */ = {isa = PBXFileReference; lastKnownFileType = text.plist.xml; path = Info.plist; sourceTree = "<group>"; };
		3B0B63BF1E1F70B6003D63B2 /* GPAdview.swift */ = {isa = PBXFileReference; fileEncoding = 4; lastKnownFileType = sourcecode.swift; path = GPAdview.swift; sourceTree = "<group>"; };
		3B0B63C11E1F774B003D63B2 /* ViewController.swift */ = {isa = PBXFileReference; fileEncoding = 4; lastKnownFileType = sourcecode.swift; name = ViewController.swift; path = ../ViewController.swift; sourceTree = "<group>"; };
		3B0B63C21E1F774B003D63B2 /* ViewController.xib */ = {isa = PBXFileReference; fileEncoding = 4; lastKnownFileType = file.xib; name = ViewController.xib; path = ../ViewController.xib; sourceTree = "<group>"; };
/* End PBXFileReference section */

/* Begin PBXFrameworksBuildPhase section */
		3B0B63981E1F7042003D63B2 /* Frameworks */ = {
			isa = PBXFrameworksBuildPhase;
			buildActionMask = 2147483647;
			files = (
			);
			runOnlyForDeploymentPostprocessing = 0;
		};
		3B0B63AC1E1F7042003D63B2 /* Frameworks */ = {
			isa = PBXFrameworksBuildPhase;
			buildActionMask = 2147483647;
			files = (
			);
			runOnlyForDeploymentPostprocessing = 0;
		};
/* End PBXFrameworksBuildPhase section */

/* Begin PBXGroup section */
		3B0B63921E1F7042003D63B2 = {
			isa = PBXGroup;
			children = (
				3B0B639D1E1F7042003D63B2 /* GPAdviewDemo */,
				3B0B63B21E1F7043003D63B2 /* GPAdviewDemoTests */,
				3B0B639C1E1F7042003D63B2 /* Products */,
			);
			sourceTree = "<group>";
		};
		3B0B639C1E1F7042003D63B2 /* Products */ = {
			isa = PBXGroup;
			children = (
				3B0B639B1E1F7042003D63B2 /* GPAdviewDemo.app */,
				3B0B63AF1E1F7042003D63B2 /* GPAdviewDemoTests.xctest */,
			);
			name = Products;
			sourceTree = "<group>";
		};
		3B0B639D1E1F7042003D63B2 /* GPAdviewDemo */ = {
			isa = PBXGroup;
			children = (
				3B0B63BE1E1F7099003D63B2 /* GPAdview */,
				3B0B639E1E1F7042003D63B2 /* AppDelegate.swift */,
				3B0B63C11E1F774B003D63B2 /* ViewController.swift */,
				3B0B63C21E1F774B003D63B2 /* ViewController.xib */,
				3B0B63A51E1F7042003D63B2 /* Assets.xcassets */,
				3B0B63AA1E1F7042003D63B2 /* Info.plist */,
			);
			path = GPAdviewDemo;
			sourceTree = "<group>";
		};
		3B0B63B21E1F7043003D63B2 /* GPAdviewDemoTests */ = {
			isa = PBXGroup;
			children = (
				3B0B63B31E1F7043003D63B2 /* GPAdviewDemoTests.swift */,
				3B0B63B51E1F7043003D63B2 /* Info.plist */,
			);
			path = GPAdviewDemoTests;
			sourceTree = "<group>";
		};
		3B0B63BE1E1F7099003D63B2 /* GPAdview */ = {
			isa = PBXGroup;
			children = (
				3B0B63BF1E1F70B6003D63B2 /* GPAdview.swift */,
			);
			path = GPAdview;
			sourceTree = "<group>";
		};
/* End PBXGroup section */

/* Begin PBXNativeTarget section */
		3B0B639A1E1F7042003D63B2 /* GPAdviewDemo */ = {
			isa = PBXNativeTarget;
			buildConfigurationList = 3B0B63B81E1F7043003D63B2 /* Build configuration list for PBXNativeTarget "GPAdviewDemo" */;
			buildPhases = (
				3B0B63971E1F7042003D63B2 /* Sources */,
				3B0B63981E1F7042003D63B2 /* Frameworks */,
				3B0B63991E1F7042003D63B2 /* Resources */,
			);
			buildRules = (
			);
			dependencies = (
			);
			name = GPAdviewDemo;
			productName = GPAdviewDemo;
			productReference = 3B0B639B1E1F7042003D63B2 /* GPAdviewDemo.app */;
			productType = "com.apple.product-type.application";
		};
		3B0B63AE1E1F7042003D63B2 /* GPAdviewDemoTests */ = {
			isa = PBXNativeTarget;
			buildConfigurationList = 3B0B63BB1E1F7043003D63B2 /* Build configuration list for PBXNativeTarget "GPAdviewDemoTests" */;
			buildPhases = (
				3B0B63AB1E1F7042003D63B2 /* Sources */,
				3B0B63AC1E1F7042003D63B2 /* Frameworks */,
				3B0B63AD1E1F7042003D63B2 /* Resources */,
			);
			buildRules = (
			);
			dependencies = (
				3B0B63B11E1F7043003D63B2 /* PBXTargetDependency */,
			);
			name = GPAdviewDemoTests;
			productName = GPAdviewDemoTests;
			productReference = 3B0B63AF1E1F7042003D63B2 /* GPAdviewDemoTests.xctest */;
			productType = "com.apple.product-type.bundle.unit-test";
		};
/* End PBXNativeTarget section */

/* Begin PBXProject section */
		3B0B63931E1F7042003D63B2 /* Project object */ = {
			isa = PBXProject;
			attributes = {
				LastSwiftUpdateCheck = 0820;
				LastUpgradeCheck = 0820;
				ORGANIZATIONNAME = XRA;
				TargetAttributes = {
					3B0B639A1E1F7042003D63B2 = {
						CreatedOnToolsVersion = 8.2;
						DevelopmentTeam = 3PHF84RJ4T;
						ProvisioningStyle = Automatic;
					};
					3B0B63AE1E1F7042003D63B2 = {
						CreatedOnToolsVersion = 8.2;
						DevelopmentTeam = 3PHF84RJ4T;
						ProvisioningStyle = Automatic;
						TestTargetID = 3B0B639A1E1F7042003D63B2;
					};
				};
			};
			buildConfigurationList = 3B0B63961E1F7042003D63B2 /* Build configuration list for PBXProject "GPAdviewDemo" */;
			compatibilityVersion = "Xcode 3.2";
			developmentRegion = English;
			hasScannedForEncodings = 0;
			knownRegions = (
				en,
				Base,
			);
			mainGroup = 3B0B63921E1F7042003D63B2;
			productRefGroup = 3B0B639C1E1F7042003D63B2 /* Products */;
			projectDirPath = "";
			projectRoot = "";
			targets = (
				3B0B639A1E1F7042003D63B2 /* GPAdviewDemo */,
				3B0B63AE1E1F7042003D63B2 /* GPAdviewDemoTests */,
			);
		};
/* End PBXProject section */

/* Begin PBXResourcesBuildPhase section */
		3B0B63991E1F7042003D63B2 /* Resources */ = {
			isa = PBXResourcesBuildPhase;
			buildActionMask = 2147483647;
			files = (
				3B0B63C41E1F774B003D63B2 /* ViewController.xib in Resources */,
				3B0B63A61E1F7042003D63B2 /* Assets.xcassets in Resources */,
			);
			runOnlyForDeploymentPostprocessing = 0;
		};
		3B0B63AD1E1F7042003D63B2 /* Resources */ = {
			isa = PBXResourcesBuildPhase;
			buildActionMask = 2147483647;
			files = (
			);
			runOnlyForDeploymentPostprocessing = 0;
		};
/* End PBXResourcesBuildPhase section */

/* Begin PBXSourcesBuildPhase section */
		3B0B63971E1F7042003D63B2 /* Sources */ = {
			isa = PBXSourcesBuildPhase;
			buildActionMask = 2147483647;
			files = (
				3B0B63C31E1F774B003D63B2 /* ViewController.swift in Sources */,
				3B0B63C01E1F70B6003D63B2 /* GPAdview.swift in Sources */,
				3B0B639F1E1F7042003D63B2 /* AppDelegate.swift in Sources */,
			);
			runOnlyForDeploymentPostprocessing = 0;
		};
		3B0B63AB1E1F7042003D63B2 /* Sources */ = {
			isa = PBXSourcesBuildPhase;
			buildActionMask = 2147483647;
			files = (
				3B0B63B41E1F7043003D63B2 /* GPAdviewDemoTests.swift in Sources */,
			);
			runOnlyForDeploymentPostprocessing = 0;
		};
/* End PBXSourcesBuildPhase section */

/* Begin PBXTargetDependency section */
		3B0B63B11E1F7043003D63B2 /* PBXTargetDependency */ = {
			isa = PBXTargetDependency;
			target = 3B0B639A1E1F7042003D63B2 /* GPAdviewDemo */;
			targetProxy = 3B0B63B01E1F7043003D63B2 /* PBXContainerItemProxy */;
		};
/* End PBXTargetDependency section */

/* Begin XCBuildConfiguration section */
		3B0B63B61E1F7043003D63B2 /* Debug */ = {
			isa = XCBuildConfiguration;
			buildSettings = {
				ALWAYS_SEARCH_USER_PATHS = NO;
				CLANG_ANALYZER_NONNULL = YES;
				CLANG_CXX_LANGUAGE_STANDARD = "gnu++0x";
				CLANG_CXX_LIBRARY = "libc++";
				CLANG_ENABLE_MODULES = YES;
				CLANG_ENABLE_OBJC_ARC = YES;
				CLANG_WARN_BOOL_CONVERSION = YES;
				CLANG_WARN_CONSTANT_CONVERSION = YES;
				CLANG_WARN_DIRECT_OBJC_ISA_USAGE = YES_ERROR;
				CLANG_WARN_DOCUMENTATION_COMMENTS = YES;
				CLANG_WARN_EMPTY_BODY = YES;
				CLANG_WARN_ENUM_CONVERSION = YES;
				CLANG_WARN_INFINITE_RECURSION = YES;
				CLANG_WARN_INT_CONVERSION = YES;
				CLANG_WARN_OBJC_ROOT_CLASS = YES_ERROR;
				CLANG_WARN_SUSPICIOUS_MOVE = YES;
				CLANG_WARN_UNREACHABLE_CODE = YES;
				CLANG_WARN__DUPLICATE_METHOD_MATCH = YES;
				"CODE_SIGN_IDENTITY[sdk=iphoneos*]" = "iPhone Developer";
				COPY_PHASE_STRIP = NO;
				DEBUG_INFORMATION_FORMAT = dwarf;
				ENABLE_STRICT_OBJC_MSGSEND = YES;
				ENABLE_TESTABILITY = YES;
				GCC_C_LANGUAGE_STANDARD = gnu99;
				GCC_DYNAMIC_NO_PIC = NO;
				GCC_NO_COMMON_BLOCKS = YES;
				GCC_OPTIMIZATION_LEVEL = 0;
				GCC_PREPROCESSOR_DEFINITIONS = (
					"DEBUG=1",
					"$(inherited)",
				);
				GCC_WARN_64_TO_32_BIT_CONVERSION = YES;
				GCC_WARN_ABOUT_RETURN_TYPE = YES_ERROR;
				GCC_WARN_UNDECLARED_SELECTOR = YES;
				GCC_WARN_UNINITIALIZED_AUTOS = YES_AGGRESSIVE;
				GCC_WARN_UNUSED_FUNCTION = YES;
				GCC_WARN_UNUSED_VARIABLE = YES;
				IPHONEOS_DEPLOYMENT_TARGET = 10.2;
				MTL_ENABLE_DEBUG_INFO = YES;
				ONLY_ACTIVE_ARCH = YES;
				SDKROOT = iphoneos;
				SWIFT_ACTIVE_COMPILATION_CONDITIONS = DEBUG;
				SWIFT_OPTIMIZATION_LEVEL = "-Onone";
			};
			name = Debug;
		};
		3B0B63B71E1F7043003D63B2 /* Release */ = {
			isa = XCBuildConfiguration;
			buildSettings = {
				ALWAYS_SEARCH_USER_PATHS = NO;
				CLANG_ANALYZER_NONNULL = YES;
				CLANG_CXX_LANGUAGE_STANDARD = "gnu++0x";
				CLANG_CXX_LIBRARY = "libc++";
				CLANG_ENABLE_MODULES = YES;
				CLANG_ENABLE_OBJC_ARC = YES;
				CLANG_WARN_BOOL_CONVERSION = YES;
				CLANG_WARN_CONSTANT_CONVERSION = YES;
				CLANG_WARN_DIRECT_OBJC_ISA_USAGE = YES_ERROR;
				CLANG_WARN_DOCUMENTATION_COMMENTS = YES;
				CLANG_WARN_EMPTY_BODY = YES;
				CLANG_WARN_ENUM_CONVERSION = YES;
				CLANG_WARN_INFINITE_RECURSION = YES;
				CLANG_WARN_INT_CONVERSION = YES;
				CLANG_WARN_OBJC_ROOT_CLASS = YES_ERROR;
				CLANG_WARN_SUSPICIOUS_MOVE = YES;
				CLANG_WARN_UNREACHABLE_CODE = YES;
				CLANG_WARN__DUPLICATE_METHOD_MATCH = YES;
				"CODE_SIGN_IDENTITY[sdk=iphoneos*]" = "iPhone Developer";
				COPY_PHASE_STRIP = NO;
				DEBUG_INFORMATION_FORMAT = "dwarf-with-dsym";
				ENABLE_NS_ASSERTIONS = NO;
				ENABLE_STRICT_OBJC_MSGSEND = YES;
				GCC_C_LANGUAGE_STANDARD = gnu99;
				GCC_NO_COMMON_BLOCKS = YES;
				GCC_WARN_64_TO_32_BIT_CONVERSION = YES;
				GCC_WARN_ABOUT_RETURN_TYPE = YES_ERROR;
				GCC_WARN_UNDECLARED_SELECTOR = YES;
				GCC_WARN_UNINITIALIZED_AUTOS = YES_AGGRESSIVE;
				GCC_WARN_UNUSED_FUNCTION = YES;
				GCC_WARN_UNUSED_VARIABLE = YES;
				IPHONEOS_DEPLOYMENT_TARGET = 10.2;
				MTL_ENABLE_DEBUG_INFO = NO;
				SDKROOT = iphoneos;
				SWIFT_OPTIMIZATION_LEVEL = "-Owholemodule";
				VALIDATE_PRODUCT = YES;
			};
			name = Release;
		};
		3B0B63B91E1F7043003D63B2 /* Debug */ = {
			isa = XCBuildConfiguration;
			buildSettings = {
				ASSETCATALOG_COMPILER_APPICON_NAME = AppIcon;
				ASSETCATALOG_COMPILER_LAUNCHIMAGE_NAME = LaunchImage;
				DEVELOPMENT_TEAM = 3PHF84RJ4T;
				INFOPLIST_FILE = GPAdviewDemo/Info.plist;
				LD_RUNPATH_SEARCH_PATHS = "$(inherited) @executable_path/Frameworks";
				PRODUCT_BUNDLE_IDENTIFIER = com.xra.GPAdviewDemo;
				PRODUCT_NAME = "$(TARGET_NAME)";
				SWIFT_VERSION = 3.0;
			};
			name = Debug;
		};
		3B0B63BA1E1F7043003D63B2 /* Release */ = {
			isa = XCBuildConfiguration;
			buildSettings = {
				ASSETCATALOG_COMPILER_APPICON_NAME = AppIcon;
				ASSETCATALOG_COMPILER_LAUNCHIMAGE_NAME = LaunchImage;
				DEVELOPMENT_TEAM = 3PHF84RJ4T;
				INFOPLIST_FILE = GPAdviewDemo/Info.plist;
				LD_RUNPATH_SEARCH_PATHS = "$(inherited) @executable_path/Frameworks";
				PRODUCT_BUNDLE_IDENTIFIER = com.xra.GPAdviewDemo;
				PRODUCT_NAME = "$(TARGET_NAME)";
				SWIFT_VERSION = 3.0;
			};
			name = Release;
		};
		3B0B63BC1E1F7043003D63B2 /* Debug */ = {
			isa = XCBuildConfiguration;
			buildSettings = {
				ALWAYS_EMBED_SWIFT_STANDARD_LIBRARIES = YES;
				BUNDLE_LOADER = "$(TEST_HOST)";
				DEVELOPMENT_TEAM = 3PHF84RJ4T;
				INFOPLIST_FILE = GPAdviewDemoTests/Info.plist;
				LD_RUNPATH_SEARCH_PATHS = "$(inherited) @executable_path/Frameworks @loader_path/Frameworks";
				PRODUCT_BUNDLE_IDENTIFIER = com.xra.GPAdviewDemoTests;
				PRODUCT_NAME = "$(TARGET_NAME)";
				SWIFT_VERSION = 3.0;
				TEST_HOST = "$(BUILT_PRODUCTS_DIR)/GPAdviewDemo.app/GPAdviewDemo";
			};
			name = Debug;
		};
		3B0B63BD1E1F7043003D63B2 /* Release */ = {
			isa = XCBuildConfiguration;
			buildSettings = {
				ALWAYS_EMBED_SWIFT_STANDARD_LIBRARIES = YES;
				BUNDLE_LOADER = "$(TEST_HOST)";
				DEVELOPMENT_TEAM = 3PHF84RJ4T;
				INFOPLIST_FILE = GPAdviewDemoTests/Info.plist;
				LD_RUNPATH_SEARCH_PATHS = "$(inherited) @executable_path/Frameworks @loader_path/Frameworks";
				PRODUCT_BUNDLE_IDENTIFIER = com.xra.GPAdviewDemoTests;
				PRODUCT_NAME = "$(TARGET_NAME)";
				SWIFT_VERSION = 3.0;
				TEST_HOST = "$(BUILT_PRODUCTS_DIR)/GPAdviewDemo.app/GPAdviewDemo";
			};
			name = Release;
		};
/* End XCBuildConfiguration section */

/* Begin XCConfigurationList section */
		3B0B63961E1F7042003D63B2 /* Build configuration list for PBXProject "GPAdviewDemo" */ = {
			isa = XCConfigurationList;
			buildConfigurations = (
				3B0B63B61E1F7043003D63B2 /* Debug */,
				3B0B63B71E1F7043003D63B2 /* Release */,
			);
			defaultConfigurationIsVisible = 0;
			defaultConfigurationName = Release;
		};
		3B0B63B81E1F7043003D63B2 /* Build configuration list for PBXNativeTarget "GPAdviewDemo" */ = {
			isa = XCConfigurationList;
			buildConfigurations = (
				3B0B63B91E1F7043003D63B2 /* Debug */,
				3B0B63BA1E1F7043003D63B2 /* Release */,
			);
			defaultConfigurationIsVisible = 0;
		};
		3B0B63BB1E1F7043003D63B2 /* Build configuration list for PBXNativeTarget "GPAdviewDemoTests" */ = {
			isa = XCConfigurationList;
			buildConfigurations = (
				3B0B63BC1E1F7043003D63B2 /* Debug */,
				3B0B63BD1E1F7043003D63B2 /* Release */,
			);
			defaultConfigurationIsVisible = 0;
		};
/* End XCConfigurationList section */
	};
	rootObject = 3B0B63931E1F7042003D63B2 /* Project object */;
}
